
Microsoft Visual Studio Solution File, Format Version 12.00
# Visual Studio 14
VisualStudioVersion = 14.0.25420.1
MinimumVisualStudioVersion = 10.0.40219.1
Project("{2150E333-8FDC-42A3-9474-1A3956D46DE8}") = "deps", "deps", "{72B81270-AFA0-4CF2-B393-0F429CD70ABE}"
EndProject
Project("{8BC9CEB8-8B4A-11D0-8D11-00A0C91BC942}") = "libcore", "libcore\libcore.vcxproj", "{2FF19EBF-7E2F-4723-913C-C6060AFF5F9D}"
EndProject
Project("{8BC9CEB8-8B4A-11D0-8D11-00A0C91BC942}") = "libframework", "libframework\libframework.vcxproj", "{2B3DE8F6-99B1-45E2-A2D7-1F6BBEFB0289}"
EndProject
Project("{8BC9CEB8-8B4A-11D0-8D11-00A0C91BC942}") = "echoserver", "example\echoserver\echoserver.vcxproj", "{39A6EA4D-B77E-495E-A9D9-B15E44CE7085}"
EndProject
Project("{2150E333-8FDC-42A3-9474-1A3956D46DE8}") = "example", "example", "{1A06F09B-3E45-47EA-8852-C5F48448DDA8}"
EndProject
Project("{8BC9CEB8-8B4A-11D0-8D11-00A0C91BC942}") = "network", "network\network.vcxproj", "{9C2CB7EF-C706-44F5-97B9-901095588AE0}"
EndProject
Global
	GlobalSection(SolutionConfigurationPlatforms) = preSolution
		Debug|x64 = Debug|x64
		Debug|x86 = Debug|x86
		Release|x64 = Release|x64
		Release|x86 = Release|x86
	EndGlobalSection
	GlobalSection(ProjectConfigurationPlatforms) = postSolution
		{2FF19EBF-7E2F-4723-913C-C6060AFF5F9D}.Debug|x64.ActiveCfg = Debug|x64
		{2FF19EBF-7E2F-4723-913C-C6060AFF5F9D}.Debug|x64.Build.0 = Debug|x64
		{2FF19EBF-7E2F-4723-913C-C6060AFF5F9D}.Debug|x86.ActiveCfg = Debug|Win32
		{2FF19EBF-7E2F-4723-913C-C6060AFF5F9D}.Debug|x86.Build.0 = Debug|Win32
		{2FF19EBF-7E2F-4723-913C-C6060AFF5F9D}.Release|x64.ActiveCfg = Release|x64
		{2FF19EBF-7E2F-4723-913C-C6060AFF5F9D}.Release|x64.Build.0 = Release|x64
		{2FF19EBF-7E2F-4723-913C-C6060AFF5F9D}.Release|x86.ActiveCfg = Release|Win32
		{2FF19EBF-7E2F-4723-913C-C6060AFF5F9D}.Release|x86.Build.0 = Release|Win32
		{2B3DE8F6-99B1-45E2-A2D7-1F6BBEFB0289}.Debug|x64.ActiveCfg = Debug|x64
		{2B3DE8F6-99B1-45E2-A2D7-1F6BBEFB0289}.Debug|x64.Build.0 = Debug|x64
		{2B3DE8F6-99B1-45E2-A2D7-1F6BBEFB0289}.Debug|x86.ActiveCfg = Debug|Win32
		{2B3DE8F6-99B1-45E2-A2D7-1F6BBEFB0289}.Debug|x86.Build.0 = Debug|Win32
		{2B3DE8F6-99B1-45E2-A2D7-1F6BBEFB0289}.Release|x64.ActiveCfg = Release|x64
		{2B3DE8F6-99B1-45E2-A2D7-1F6BBEFB0289}.Release|x64.Build.0 = Release|x64
		{2B3DE8F6-99B1-45E2-A2D7-1F6BBEFB0289}.Release|x86.ActiveCfg = Release|Win32
		{2B3DE8F6-99B1-45E2-A2D7-1F6BBEFB0289}.Release|x86.Build.0 = Release|Win32
		{39A6EA4D-B77E-495E-A9D9-B15E44CE7085}.Debug|x64.ActiveCfg = Debug|x64
		{39A6EA4D-B77E-495E-A9D9-B15E44CE7085}.Debug|x64.Build.0 = Debug|x64
		{39A6EA4D-B77E-495E-A9D9-B15E44CE7085}.Debug|x86.ActiveCfg = Debug|Win32
		{39A6EA4D-B77E-495E-A9D9-B15E44CE7085}.Debug|x86.Build.0 = Debug|Win32
		{39A6EA4D-B77E-495E-A9D9-B15E44CE7085}.Release|x64.ActiveCfg = Release|x64
		{39A6EA4D-B77E-495E-A9D9-B15E44CE7085}.Release|x64.Build.0 = Release|x64
		{39A6EA4D-B77E-495E-A9D9-B15E44CE7085}.Release|x86.ActiveCfg = Release|Win32
		{39A6EA4D-B77E-495E-A9D9-B15E44CE7085}.Release|x86.Build.0 = Release|Win32
		{9C2CB7EF-C706-44F5-97B9-901095588AE0}.Debug|x64.ActiveCfg = Debug|x64
		{9C2CB7EF-C706-44F5-97B9-901095588AE0}.Debug|x64.Build.0 = Debug|x64
		{9C2CB7EF-C706-44F5-97B9-901095588AE0}.Debug|x86.ActiveCfg = Debug|Win32
		{9C2CB7EF-C706-44F5-97B9-901095588AE0}.Debug|x86.Build.0 = Debug|Win32
		{9C2CB7EF-C706-44F5-97B9-901095588AE0}.Release|x64.ActiveCfg = Release|x64
		{9C2CB7EF-C706-44F5-97B9-901095588AE0}.Release|x64.Build.0 = Release|x64
		{9C2CB7EF-C706-44F5-97B9-901095588AE0}.Release|x86.ActiveCfg = Release|Win32
		{9C2CB7EF-C706-44F5-97B9-901095588AE0}.Release|x86.Build.0 = Release|Win32
	EndGlobalSection
	GlobalSection(SolutionProperties) = preSolution
		HideSolutionNode = FALSE
	EndGlobalSection
	GlobalSection(NestedProjects) = preSolution
		{39A6EA4D-B77E-495E-A9D9-B15E44CE7085} = {1A06F09B-3E45-47EA-8852-C5F48448DDA8}
	EndGlobalSection
EndGlobal
