
Microsoft Visual Studio Solution File, Format Version 12.00
# Visual Studio 15
VisualStudioVersion = 15.0.26430.14
MinimumVisualStudioVersion = 10.0.40219.1
Project("{8BC9CEB8-8B4A-11D0-8D11-00A0C91BC942}") = "memcached", "memcached\memcached.vcxproj", "{DA4F333C-40FA-4084-A60B-1FFB9D0FF51F}"
EndProject
Project("{8BC9CEB8-8B4A-11D0-8D11-00A0C91BC942}") = "redis", "redis\redis.vcxproj", "{5DFB5E56-A370-4F54-8CF6-98EBB2331060}"
EndProject
Project("{8BC9CEB8-8B4A-11D0-8D11-00A0C91BC942}") = "skynet", "skynet\skynet.vcxproj", "{3CA57F85-6BDD-474A-9BFB-C06502E5839F}"
EndProject
Project("{8BC9CEB8-8B4A-11D0-8D11-00A0C91BC942}") = "libev", "libev\libev.vcxproj", "{E64DBC05-857C-46D5-8F72-03DBC987240A}"
EndProject
Project("{8BC9CEB8-8B4A-11D0-8D11-00A0C91BC942}") = "muduo-cpp11", "muduo-cpp11\muduo-cpp11.vcxproj", "{05889767-76AC-4FEF-910E-1B85A1D79C51}"
EndProject
Project("{8BC9CEB8-8B4A-11D0-8D11-00A0C91BC942}") = "nginx", "nginx\nginx.vcxproj", "{3BB85B09-2031-4D15-9A46-CD4F43BE73A9}"
EndProject
Project("{8BC9CEB8-8B4A-11D0-8D11-00A0C91BC942}") = "lua522", "lua522\lua522.vcxproj", "{EB41DAD2-49C4-4103-9535-EC5E29C5000D}"
EndProject
Project("{8BC9CEB8-8B4A-11D0-8D11-00A0C91BC942}") = "lighttpd1445", "lighttpd1445\lighttpd1445.vcxproj", "{F03F1191-DB71-40BF-8875-586E3FB0646B}"
EndProject
Project("{8BC9CEB8-8B4A-11D0-8D11-00A0C91BC942}") = "libevent", "libevent\libevent.vcxproj", "{2B0C7D61-1A68-4F8A-B2FD-9A92013E96E0}"
EndProject
Project("{8BC9CEB8-8B4A-11D0-8D11-00A0C91BC942}") = "aoi", "aoi\aoi.vcxproj", "{2E2601E3-BF28-4B9C-8438-A65484FC5971}"
EndProject
Global
	GlobalSection(SolutionConfigurationPlatforms) = preSolution
		Debug|x64 = Debug|x64
		Debug|x86 = Debug|x86
		Release|x64 = Release|x64
		Release|x86 = Release|x86
	EndGlobalSection
	GlobalSection(ProjectConfigurationPlatforms) = postSolution
		{DA4F333C-40FA-4084-A60B-1FFB9D0FF51F}.Debug|x64.ActiveCfg = Debug|x64
		{DA4F333C-40FA-4084-A60B-1FFB9D0FF51F}.Debug|x64.Build.0 = Debug|x64
		{DA4F333C-40FA-4084-A60B-1FFB9D0FF51F}.Debug|x86.ActiveCfg = Debug|Win32
		{DA4F333C-40FA-4084-A60B-1FFB9D0FF51F}.Debug|x86.Build.0 = Debug|Win32
		{DA4F333C-40FA-4084-A60B-1FFB9D0FF51F}.Release|x64.ActiveCfg = Release|x64
		{DA4F333C-40FA-4084-A60B-1FFB9D0FF51F}.Release|x64.Build.0 = Release|x64
		{DA4F333C-40FA-4084-A60B-1FFB9D0FF51F}.Release|x86.ActiveCfg = Release|Win32
		{DA4F333C-40FA-4084-A60B-1FFB9D0FF51F}.Release|x86.Build.0 = Release|Win32
		{5DFB5E56-A370-4F54-8CF6-98EBB2331060}.Debug|x64.ActiveCfg = Debug|x64
		{5DFB5E56-A370-4F54-8CF6-98EBB2331060}.Debug|x64.Build.0 = Debug|x64
		{5DFB5E56-A370-4F54-8CF6-98EBB2331060}.Debug|x86.ActiveCfg = Debug|Win32
		{5DFB5E56-A370-4F54-8CF6-98EBB2331060}.Debug|x86.Build.0 = Debug|Win32
		{5DFB5E56-A370-4F54-8CF6-98EBB2331060}.Release|x64.ActiveCfg = Release|x64
		{5DFB5E56-A370-4F54-8CF6-98EBB2331060}.Release|x64.Build.0 = Release|x64
		{5DFB5E56-A370-4F54-8CF6-98EBB2331060}.Release|x86.ActiveCfg = Release|Win32
		{5DFB5E56-A370-4F54-8CF6-98EBB2331060}.Release|x86.Build.0 = Release|Win32
		{3CA57F85-6BDD-474A-9BFB-C06502E5839F}.Debug|x64.ActiveCfg = Debug|x64
		{3CA57F85-6BDD-474A-9BFB-C06502E5839F}.Debug|x64.Build.0 = Debug|x64
		{3CA57F85-6BDD-474A-9BFB-C06502E5839F}.Debug|x86.ActiveCfg = Debug|Win32
		{3CA57F85-6BDD-474A-9BFB-C06502E5839F}.Debug|x86.Build.0 = Debug|Win32
		{3CA57F85-6BDD-474A-9BFB-C06502E5839F}.Release|x64.ActiveCfg = Release|x64
		{3CA57F85-6BDD-474A-9BFB-C06502E5839F}.Release|x64.Build.0 = Release|x64
		{3CA57F85-6BDD-474A-9BFB-C06502E5839F}.Release|x86.ActiveCfg = Release|Win32
		{3CA57F85-6BDD-474A-9BFB-C06502E5839F}.Release|x86.Build.0 = Release|Win32
		{E64DBC05-857C-46D5-8F72-03DBC987240A}.Debug|x64.ActiveCfg = Debug|x64
		{E64DBC05-857C-46D5-8F72-03DBC987240A}.Debug|x64.Build.0 = Debug|x64
		{E64DBC05-857C-46D5-8F72-03DBC987240A}.Debug|x86.ActiveCfg = Debug|Win32
		{E64DBC05-857C-46D5-8F72-03DBC987240A}.Debug|x86.Build.0 = Debug|Win32
		{E64DBC05-857C-46D5-8F72-03DBC987240A}.Release|x64.ActiveCfg = Release|x64
		{E64DBC05-857C-46D5-8F72-03DBC987240A}.Release|x64.Build.0 = Release|x64
		{E64DBC05-857C-46D5-8F72-03DBC987240A}.Release|x86.ActiveCfg = Release|Win32
		{E64DBC05-857C-46D5-8F72-03DBC987240A}.Release|x86.Build.0 = Release|Win32
		{05889767-76AC-4FEF-910E-1B85A1D79C51}.Debug|x64.ActiveCfg = Debug|x64
		{05889767-76AC-4FEF-910E-1B85A1D79C51}.Debug|x64.Build.0 = Debug|x64
		{05889767-76AC-4FEF-910E-1B85A1D79C51}.Debug|x86.ActiveCfg = Debug|Win32
		{05889767-76AC-4FEF-910E-1B85A1D79C51}.Debug|x86.Build.0 = Debug|Win32
		{05889767-76AC-4FEF-910E-1B85A1D79C51}.Release|x64.ActiveCfg = Release|x64
		{05889767-76AC-4FEF-910E-1B85A1D79C51}.Release|x64.Build.0 = Release|x64
		{05889767-76AC-4FEF-910E-1B85A1D79C51}.Release|x86.ActiveCfg = Release|Win32
		{05889767-76AC-4FEF-910E-1B85A1D79C51}.Release|x86.Build.0 = Release|Win32
		{3BB85B09-2031-4D15-9A46-CD4F43BE73A9}.Debug|x64.ActiveCfg = Debug|x64
		{3BB85B09-2031-4D15-9A46-CD4F43BE73A9}.Debug|x64.Build.0 = Debug|x64
		{3BB85B09-2031-4D15-9A46-CD4F43BE73A9}.Debug|x86.ActiveCfg = Debug|Win32
		{3BB85B09-2031-4D15-9A46-CD4F43BE73A9}.Debug|x86.Build.0 = Debug|Win32
		{3BB85B09-2031-4D15-9A46-CD4F43BE73A9}.Release|x64.ActiveCfg = Release|x64
		{3BB85B09-2031-4D15-9A46-CD4F43BE73A9}.Release|x64.Build.0 = Release|x64
		{3BB85B09-2031-4D15-9A46-CD4F43BE73A9}.Release|x86.ActiveCfg = Release|Win32
		{3BB85B09-2031-4D15-9A46-CD4F43BE73A9}.Release|x86.Build.0 = Release|Win32
		{EB41DAD2-49C4-4103-9535-EC5E29C5000D}.Debug|x64.ActiveCfg = Debug|x64
		{EB41DAD2-49C4-4103-9535-EC5E29C5000D}.Debug|x64.Build.0 = Debug|x64
		{EB41DAD2-49C4-4103-9535-EC5E29C5000D}.Debug|x86.ActiveCfg = Debug|Win32
		{EB41DAD2-49C4-4103-9535-EC5E29C5000D}.Debug|x86.Build.0 = Debug|Win32
		{EB41DAD2-49C4-4103-9535-EC5E29C5000D}.Release|x64.ActiveCfg = Release|x64
		{EB41DAD2-49C4-4103-9535-EC5E29C5000D}.Release|x64.Build.0 = Release|x64
		{EB41DAD2-49C4-4103-9535-EC5E29C5000D}.Release|x86.ActiveCfg = Release|Win32
		{EB41DAD2-49C4-4103-9535-EC5E29C5000D}.Release|x86.Build.0 = Release|Win32
		{F03F1191-DB71-40BF-8875-586E3FB0646B}.Debug|x64.ActiveCfg = Debug|x64
		{F03F1191-DB71-40BF-8875-586E3FB0646B}.Debug|x64.Build.0 = Debug|x64
		{F03F1191-DB71-40BF-8875-586E3FB0646B}.Debug|x86.ActiveCfg = Debug|Win32
		{F03F1191-DB71-40BF-8875-586E3FB0646B}.Debug|x86.Build.0 = Debug|Win32
		{F03F1191-DB71-40BF-8875-586E3FB0646B}.Release|x64.ActiveCfg = Release|x64
		{F03F1191-DB71-40BF-8875-586E3FB0646B}.Release|x64.Build.0 = Release|x64
		{F03F1191-DB71-40BF-8875-586E3FB0646B}.Release|x86.ActiveCfg = Release|Win32
		{F03F1191-DB71-40BF-8875-586E3FB0646B}.Release|x86.Build.0 = Release|Win32
		{2B0C7D61-1A68-4F8A-B2FD-9A92013E96E0}.Debug|x64.ActiveCfg = Debug|x64
		{2B0C7D61-1A68-4F8A-B2FD-9A92013E96E0}.Debug|x64.Build.0 = Debug|x64
		{2B0C7D61-1A68-4F8A-B2FD-9A92013E96E0}.Debug|x86.ActiveCfg = Debug|Win32
		{2B0C7D61-1A68-4F8A-B2FD-9A92013E96E0}.Debug|x86.Build.0 = Debug|Win32
		{2B0C7D61-1A68-4F8A-B2FD-9A92013E96E0}.Release|x64.ActiveCfg = Release|x64
		{2B0C7D61-1A68-4F8A-B2FD-9A92013E96E0}.Release|x64.Build.0 = Release|x64
		{2B0C7D61-1A68-4F8A-B2FD-9A92013E96E0}.Release|x86.ActiveCfg = Release|Win32
		{2B0C7D61-1A68-4F8A-B2FD-9A92013E96E0}.Release|x86.Build.0 = Release|Win32
		{2E2601E3-BF28-4B9C-8438-A65484FC5971}.Debug|x64.ActiveCfg = Debug|x64
		{2E2601E3-BF28-4B9C-8438-A65484FC5971}.Debug|x64.Build.0 = Debug|x64
		{2E2601E3-BF28-4B9C-8438-A65484FC5971}.Debug|x86.ActiveCfg = Debug|Win32
		{2E2601E3-BF28-4B9C-8438-A65484FC5971}.Debug|x86.Build.0 = Debug|Win32
		{2E2601E3-BF28-4B9C-8438-A65484FC5971}.Release|x64.ActiveCfg = Release|x64
		{2E2601E3-BF28-4B9C-8438-A65484FC5971}.Release|x64.Build.0 = Release|x64
		{2E2601E3-BF28-4B9C-8438-A65484FC5971}.Release|x86.ActiveCfg = Release|Win32
		{2E2601E3-BF28-4B9C-8438-A65484FC5971}.Release|x86.Build.0 = Release|Win32
	EndGlobalSection
	GlobalSection(SolutionProperties) = preSolution
		HideSolutionNode = FALSE
	EndGlobalSection
EndGlobal
